
Microsoft Visual Studio Solution File, Format Version 12.00
# Visual Studio Version 16
VisualStudioVersion = 16.0.31005.135
MinimumVisualStudioVersion = 10.0.40219.1
Project("{9A19103F-16F7-4668-BE54-9A1E7A4F7556}") = "GoogleTimeZoneAPI", "GoogleTimeZoneAPI\GoogleTimeZoneAPI.csproj", "{79C0A3C3-F097-4FD6-8A86-0324163F1C68}"
EndProject
Global
	GlobalSection(SolutionConfigurationPlatforms) = preSolution
		Debug|Any CPU = Debug|Any CPU
		Release|Any CPU = Release|Any CPU
	EndGlobalSection
	GlobalSection(ProjectConfigurationPlatforms) = postSolution
		{79C0A3C3-F097-4FD6-8A86-0324163F1C68}.Debug|Any CPU.ActiveCfg = Debug|Any CPU
		{79C0A3C3-F097-4FD6-8A86-0324163F1C68}.Debug|Any CPU.Build.0 = Debug|Any CPU
		{79C0A3C3-F097-4FD6-8A86-0324163F1C68}.Release|Any CPU.ActiveCfg = Release|Any CPU
		{79C0A3C3-F097-4FD6-8A86-0324163F1C68}.Release|Any CPU.Build.0 = Release|Any CPU
	EndGlobalSection
	GlobalSection(SolutionProperties) = preSolution
		HideSolutionNode = FALSE
	EndGlobalSection
	GlobalSection(ExtensibilityGlobals) = postSolution
		SolutionGuid = {30468376-924C-449D-A76B-FEE8A00DCFA1}
	EndGlobalSection
EndGlobal
